<?xml version="1.0" encoding="utf-8"?>
<Project ToolsVersion="4.0" xmlns="http://schemas.microsoft.com/developer/msbuild/2003">
  <ItemGroup>
    <Filter Include="PreCompile">
      <UniqueIdentifier>{ba4b1a36-371a-4649-9414-3542ea1dee49}</UniqueIdentifier>
    </Filter>
    <Filter Include="FileIO">
      <UniqueIdentifier>{f2a15591-f526-42d3-b358-d86fd2e43951}</UniqueIdentifier>
    </Filter>
    <Filter Include="CommonHelper">
      <UniqueIdentifier>{26b95a09-1d87-408e-ab0f-fd00e0073f4d}</UniqueIdentifier>
    </Filter>
    <Filter Include="HashCode">
      <UniqueIdentifier>{32ee0787-0a63-471a-a699-c1c68656c313}</UniqueIdentifier>
    </Filter>
  </ItemGroup>
  <ItemGroup>
    <ClCompile Include="stdafx.cpp">
      <Filter>PreCompile</Filter>
    </ClCompile>
    <ClCompile Include="main.cpp" />
    <ClCompile Include="FileReader.cpp">
      <Filter>FileIO</Filter>
    </ClCompile>
    <ClCompile Include="CommonHelper.cpp">
      <Filter>CommonHelper</Filter>
    </ClCompile>
    <ClCompile Include="md5.cpp">
      <Filter>HashCode</Filter>
    </ClCompile>
  </ItemGroup>
  <ItemGroup>
    <ClInclude Include="stdafx.h">
      <Filter>PreCompile</Filter>
    </ClInclude>
    <ClInclude Include="FileReader.h">
      <Filter>FileIO</Filter>
    </ClInclude>
    <ClInclude Include="CommonHelper.h">
      <Filter>CommonHelper</Filter>
    </ClInclude>
    <ClInclude Include="md5.h">
      <Filter>HashCode</Filter>
    </ClInclude>
  </ItemGroup>
</Project>